
Microsoft Visual Studio Solution File, Format Version 12.00
# Visual Studio Version 16
VisualStudioVersion = 16.0.29215.179
MinimumVisualStudioVersion = 10.0.40219.1
Project("{FAE04EC0-301F-11D3-BF4B-00C04F79EFBC}") = "Test Data Adder", "Test Data Adder\Test Data Adder.csproj", "{B7900E3E-7176-41BE-84A0-179CCB7FE355}"
EndProject
Global
	GlobalSection(SolutionConfigurationPlatforms) = preSolution
		Debug|Any CPU = Debug|Any CPU
		Release|Any CPU = Release|Any CPU
	EndGlobalSection
	GlobalSection(ProjectConfigurationPlatforms) = postSolution
		{B7900E3E-7176-41BE-84A0-179CCB7FE355}.Debug|Any CPU.ActiveCfg = Debug|Any CPU
		{B7900E3E-7176-41BE-84A0-179CCB7FE355}.Debug|Any CPU.Build.0 = Debug|Any CPU
		{B7900E3E-7176-41BE-84A0-179CCB7FE355}.Release|Any CPU.ActiveCfg = Release|Any CPU
		{B7900E3E-7176-41BE-84A0-179CCB7FE355}.Release|Any CPU.Build.0 = Release|Any CPU
	EndGlobalSection
	GlobalSection(SolutionProperties) = preSolution
		HideSolutionNode = FALSE
	EndGlobalSection
	GlobalSection(ExtensibilityGlobals) = postSolution
		SolutionGuid = {761A817D-F5FD-4491-AFAE-C2F9089C5E67}
	EndGlobalSection
EndGlobal
