
Microsoft Visual Studio Solution File, Format Version 12.00
# Visual Studio Version 16
VisualStudioVersion = 16.0.29215.179
MinimumVisualStudioVersion = 10.0.40219.1
Project("{FAE04EC0-301F-11D3-BF4B-00C04F79EFBC}") = "MediaBazaarApp", "MediaBazaarApp\MediaBazaarApp.csproj", "{A7D030DB-B4DF-4D6C-BF6E-7C1F408CABCA}"
EndProject
Global
	GlobalSection(SolutionConfigurationPlatforms) = preSolution
		Debug|Any CPU = Debug|Any CPU
		Release|Any CPU = Release|Any CPU
	EndGlobalSection
	GlobalSection(ProjectConfigurationPlatforms) = postSolution
		{A7D030DB-B4DF-4D6C-BF6E-7C1F408CABCA}.Debug|Any CPU.ActiveCfg = Debug|Any CPU
		{A7D030DB-B4DF-4D6C-BF6E-7C1F408CABCA}.Debug|Any CPU.Build.0 = Debug|Any CPU
		{A7D030DB-B4DF-4D6C-BF6E-7C1F408CABCA}.Release|Any CPU.ActiveCfg = Release|Any CPU
		{A7D030DB-B4DF-4D6C-BF6E-7C1F408CABCA}.Release|Any CPU.Build.0 = Release|Any CPU
	EndGlobalSection
	GlobalSection(SolutionProperties) = preSolution
		HideSolutionNode = FALSE
	EndGlobalSection
	GlobalSection(ExtensibilityGlobals) = postSolution
		SolutionGuid = {3814BAE3-5849-4954-B5A9-7F157D5772A4}
	EndGlobalSection
EndGlobal
